
Microsoft Visual Studio Solution File, Format Version 12.00
Project("{FAE04EC0-301F-11D3-BF4B-00C04F79EFBC}") = "Continuum", "Continuum\Continuum.csproj", "{EEC23ED4-5979-4098-8D0E-E29F8BEAB87A}"
EndProject
Project("{FAE04EC0-301F-11D3-BF4B-00C04F79EFBC}") = "Implementations", "Implementations\Implementations.csproj", "{59DCB4D9-7E8D-4585-89EB-92ACBB663C15}"
EndProject
Project("{FAE04EC0-301F-11D3-BF4B-00C04F79EFBC}") = "3D Renderer", "3D Renderer\3D Renderer.csproj", "{990FAC51-B013-4975-A11A-3E2686C4F82C}"
EndProject
Project("{FAE04EC0-301F-11D3-BF4B-00C04F79EFBC}") = "BasicImplementation", "BasicImplementation\BasicImplementation.csproj", "{6FC47ACB-A478-4471-9A5D-45947722717F}"
EndProject
Project("{FAE04EC0-301F-11D3-BF4B-00C04F79EFBC}") = "GrowthGridImplementation", "GrowthGridImplementation\GrowthGridImplementation.csproj", "{0F0608AC-6D30-40BA-8A83-18D3FD4C1EBA}"
EndProject
Project("{FAE04EC0-301F-11D3-BF4B-00C04F79EFBC}") = "RTreeTester", "RTreeTester\RTreeTester.csproj", "{30AEC9B4-59A5-4037-B44B-8A9D9B1F7D43}"
EndProject
Project("{FAE04EC0-301F-11D3-BF4B-00C04F79EFBC}") = "NNSImplementation", "NNSImplementation\NNSImplementation.csproj", "{8892C12A-CF21-4ECC-9A71-ADFF1BDA2B76}"
EndProject
Global
	GlobalSection(SolutionConfigurationPlatforms) = preSolution
		Debug|Any CPU = Debug|Any CPU
		Release|Any CPU = Release|Any CPU
	EndGlobalSection
	GlobalSection(ProjectConfigurationPlatforms) = postSolution
		{EEC23ED4-5979-4098-8D0E-E29F8BEAB87A}.Debug|Any CPU.ActiveCfg = Debug|Any CPU
		{EEC23ED4-5979-4098-8D0E-E29F8BEAB87A}.Debug|Any CPU.Build.0 = Debug|Any CPU
		{EEC23ED4-5979-4098-8D0E-E29F8BEAB87A}.Release|Any CPU.ActiveCfg = Release|Any CPU
		{EEC23ED4-5979-4098-8D0E-E29F8BEAB87A}.Release|Any CPU.Build.0 = Release|Any CPU
		{59DCB4D9-7E8D-4585-89EB-92ACBB663C15}.Debug|Any CPU.ActiveCfg = Debug|Any CPU
		{59DCB4D9-7E8D-4585-89EB-92ACBB663C15}.Debug|Any CPU.Build.0 = Debug|Any CPU
		{59DCB4D9-7E8D-4585-89EB-92ACBB663C15}.Release|Any CPU.ActiveCfg = Release|Any CPU
		{59DCB4D9-7E8D-4585-89EB-92ACBB663C15}.Release|Any CPU.Build.0 = Release|Any CPU
		{990FAC51-B013-4975-A11A-3E2686C4F82C}.Debug|Any CPU.ActiveCfg = Debug|Any CPU
		{990FAC51-B013-4975-A11A-3E2686C4F82C}.Debug|Any CPU.Build.0 = Debug|Any CPU
		{990FAC51-B013-4975-A11A-3E2686C4F82C}.Release|Any CPU.ActiveCfg = Release|Any CPU
		{990FAC51-B013-4975-A11A-3E2686C4F82C}.Release|Any CPU.Build.0 = Release|Any CPU
		{6FC47ACB-A478-4471-9A5D-45947722717F}.Debug|Any CPU.ActiveCfg = Debug|Any CPU
		{6FC47ACB-A478-4471-9A5D-45947722717F}.Debug|Any CPU.Build.0 = Debug|Any CPU
		{6FC47ACB-A478-4471-9A5D-45947722717F}.Release|Any CPU.ActiveCfg = Release|Any CPU
		{6FC47ACB-A478-4471-9A5D-45947722717F}.Release|Any CPU.Build.0 = Release|Any CPU
		{0F0608AC-6D30-40BA-8A83-18D3FD4C1EBA}.Debug|Any CPU.ActiveCfg = Debug|Any CPU
		{0F0608AC-6D30-40BA-8A83-18D3FD4C1EBA}.Debug|Any CPU.Build.0 = Debug|Any CPU
		{0F0608AC-6D30-40BA-8A83-18D3FD4C1EBA}.Release|Any CPU.ActiveCfg = Release|Any CPU
		{0F0608AC-6D30-40BA-8A83-18D3FD4C1EBA}.Release|Any CPU.Build.0 = Release|Any CPU
		{30AEC9B4-59A5-4037-B44B-8A9D9B1F7D43}.Debug|Any CPU.ActiveCfg = Debug|Any CPU
		{30AEC9B4-59A5-4037-B44B-8A9D9B1F7D43}.Debug|Any CPU.Build.0 = Debug|Any CPU
		{30AEC9B4-59A5-4037-B44B-8A9D9B1F7D43}.Release|Any CPU.ActiveCfg = Release|Any CPU
		{30AEC9B4-59A5-4037-B44B-8A9D9B1F7D43}.Release|Any CPU.Build.0 = Release|Any CPU
		{8892C12A-CF21-4ECC-9A71-ADFF1BDA2B76}.Debug|Any CPU.ActiveCfg = Debug|Any CPU
		{8892C12A-CF21-4ECC-9A71-ADFF1BDA2B76}.Debug|Any CPU.Build.0 = Debug|Any CPU
		{8892C12A-CF21-4ECC-9A71-ADFF1BDA2B76}.Release|Any CPU.ActiveCfg = Release|Any CPU
		{8892C12A-CF21-4ECC-9A71-ADFF1BDA2B76}.Release|Any CPU.Build.0 = Release|Any CPU
	EndGlobalSection
EndGlobal
